
Microsoft Visual Studio Solution File, Format Version 12.00
# Visual Studio Version 16
VisualStudioVersion = 16.0.30717.126
MinimumVisualStudioVersion = 10.0.40219.1
Project("{FAE04EC0-301F-11D3-BF4B-00C04F79EFBC}") = "LocalRetail", "LocalRetail\LocalRetail.csproj", "{C86ACD8C-59D4-4DFF-A3BA-F5731B9B1AF3}"
EndProject
Global
	GlobalSection(SolutionConfigurationPlatforms) = preSolution
		Debug|Any CPU = Debug|Any CPU
		Release|Any CPU = Release|Any CPU
	EndGlobalSection
	GlobalSection(ProjectConfigurationPlatforms) = postSolution
		{C86ACD8C-59D4-4DFF-A3BA-F5731B9B1AF3}.Debug|Any CPU.ActiveCfg = Debug|Any CPU
		{C86ACD8C-59D4-4DFF-A3BA-F5731B9B1AF3}.Debug|Any CPU.Build.0 = Debug|Any CPU
		{C86ACD8C-59D4-4DFF-A3BA-F5731B9B1AF3}.Release|Any CPU.ActiveCfg = Release|Any CPU
		{C86ACD8C-59D4-4DFF-A3BA-F5731B9B1AF3}.Release|Any CPU.Build.0 = Release|Any CPU
	EndGlobalSection
	GlobalSection(SolutionProperties) = preSolution
		HideSolutionNode = FALSE
	EndGlobalSection
	GlobalSection(ExtensibilityGlobals) = postSolution
		SolutionGuid = {0D7CBBCF-FD3E-42E2-A714-DB3487B6984E}
	EndGlobalSection
EndGlobal
